<?xml version="1.0" encoding="utf-8"?>
<Project ToolsVersion="4.0" xmlns="http://schemas.microsoft.com/developer/msbuild/2003">
  <ItemGroup>
    <Filter Include="Source Files">
      <UniqueIdentifier>{3d29831f-f2e6-464d-a606-ecd44871097e}</UniqueIdentifier>
      <Extensions>cpp;c;cxx;rc;def;r;odl;idl;hpj;bat</Extensions>
    </Filter>
    <Filter Include="Header Files">
      <UniqueIdentifier>{62c373bb-d69f-4d3e-96e2-2db9de8cc51e}</UniqueIdentifier>
      <Extensions>h;hpp;hxx;hm;inl</Extensions>
    </Filter>
    <Filter Include="Resource Files">
      <UniqueIdentifier>{d7691f1f-3da3-44db-b7ca-82b091bb1b6c}</UniqueIdentifier>
      <Extensions>ico;cur;bmp;dlg;rc2;rct;bin;rgs;gif;jpg;jpeg;jpe</Extensions>
    </Filter>
  </ItemGroup>
  <ItemGroup>
    <ClCompile Include="cunicode.cpp">
      <Filter>Source Files</Filter>
    </ClCompile>
    <ClCompile Include="CVTUTF.C">
      <Filter>Source Files</Filter>
    </ClCompile>
    <ClCompile Include="ftpdir.cpp">
      <Filter>Source Files</Filter>
    </ClCompile>
    <ClCompile Include="multiserver.cpp">
      <Filter>Source Files</Filter>
    </ClCompile>
    <ClCompile Include="sftpfunc.cpp">
      <Filter>Source Files</Filter>
    </ClCompile>
    <ClCompile Include="sftpplug.cpp">
      <Filter>Source Files</Filter>
    </ClCompile>
    <ClCompile Include="utils.cpp">
      <Filter>Source Files</Filter>
    </ClCompile>
  </ItemGroup>
  <ItemGroup>
    <None Include="sftpplug.def">
      <Filter>Source Files</Filter>
    </None>
  </ItemGroup>
  <ItemGroup>
    <ClInclude Include="config.h">
      <Filter>Header Files</Filter>
    </ClInclude>
    <ClInclude Include="cunicode.h">
      <Filter>Header Files</Filter>
    </ClInclude>
    <ClInclude Include="CVTUTF.H">
      <Filter>Header Files</Filter>
    </ClInclude>
    <ClInclude Include="fsplugin.h">
      <Filter>Header Files</Filter>
    </ClInclude>
    <ClInclude Include="ftpdir.h">
      <Filter>Header Files</Filter>
    </ClInclude>
    <ClInclude Include="multiserver.h">
      <Filter>Header Files</Filter>
    </ClInclude>
    <ClInclude Include="resource.h">
      <Filter>Header Files</Filter>
    </ClInclude>
    <ClInclude Include="sftpfunc.h">
      <Filter>Header Files</Filter>
    </ClInclude>
    <ClInclude Include="utils.h">
      <Filter>Header Files</Filter>
    </ClInclude>
    <ClInclude Include="ext_dep\include\libssh2.h">
      <Filter>Header Files</Filter>
    </ClInclude>
    <ClInclude Include="ext_dep\include\libssh2_config.h">
      <Filter>Header Files</Filter>
    </ClInclude>
    <ClInclude Include="ext_dep\include\libssh2_publickey.h">
      <Filter>Header Files</Filter>
    </ClInclude>
    <ClInclude Include="ext_dep\include\libssh2_sftp.h">
      <Filter>Header Files</Filter>
    </ClInclude>
  </ItemGroup>
  <ItemGroup>
    <Image Include="icon1.ico">
      <Filter>Resource Files</Filter>
    </Image>
    <Image Include="icon2.ico">
      <Filter>Resource Files</Filter>
    </Image>
    <Image Include="icon3.ico">
      <Filter>Resource Files</Filter>
    </Image>
    <Image Include="icon4.ico">
      <Filter>Resource Files</Filter>
    </Image>
    <Image Include="iconconnection.ico">
      <Filter>Resource Files</Filter>
    </Image>
  </ItemGroup>
  <ItemGroup>
    <ResourceCompile Include="sftpplug.rc">
      <Filter>Resource Files</Filter>
    </ResourceCompile>
  </ItemGroup>
</Project>